
Microsoft Visual Studio Solution File, Format Version 12.00
# Visual Studio 15
VisualStudioVersion = 15.0.27130.2036
MinimumVisualStudioVersion = 10.0.40219.1
Project("{FAE04EC0-301F-11D3-BF4B-00C04F79EFBC}") = "facadecorruptor", "facadecorruptor\facadecorruptor.csproj", "{91E7A04E-C59C-484E-9BA0-9C67D23FC11F}"
EndProject
Global
	GlobalSection(SolutionConfigurationPlatforms) = preSolution
		Debug|Any CPU = Debug|Any CPU
		Release|Any CPU = Release|Any CPU
	EndGlobalSection
	GlobalSection(ProjectConfigurationPlatforms) = postSolution
		{91E7A04E-C59C-484E-9BA0-9C67D23FC11F}.Debug|Any CPU.ActiveCfg = Debug|Any CPU
		{91E7A04E-C59C-484E-9BA0-9C67D23FC11F}.Debug|Any CPU.Build.0 = Debug|Any CPU
		{91E7A04E-C59C-484E-9BA0-9C67D23FC11F}.Release|Any CPU.ActiveCfg = Release|Any CPU
		{91E7A04E-C59C-484E-9BA0-9C67D23FC11F}.Release|Any CPU.Build.0 = Release|Any CPU
	EndGlobalSection
	GlobalSection(SolutionProperties) = preSolution
		HideSolutionNode = FALSE
	EndGlobalSection
	GlobalSection(ExtensibilityGlobals) = postSolution
		SolutionGuid = {B1F95A53-2D12-41A2-9B7B-2A5AD957933E}
	EndGlobalSection
EndGlobal
